
Microsoft Visual Studio Solution File, Format Version 12.00
# Visual Studio 15
VisualStudioVersion = 15.0.26730.12
MinimumVisualStudioVersion = 10.0.40219.1
Project("{FAE04EC0-301F-11D3-BF4B-00C04F79EFBC}") = "BF.Retail.SmartRetail.Web", "BF.Retail.SmartRetail.Web\BF.Retail.SmartRetail.Web.csproj", "{7A3DC43B-8DA5-4EA7-8735-1180B4472D25}"
EndProject
Project("{FAE04EC0-301F-11D3-BF4B-00C04F79EFBC}") = "BF.Retail.SmartRetail.Business", "BF.Retail.SmartRetail.Business\BF.Retail.SmartRetail.Business.csproj", "{6BDF74A2-AC1E-4CC8-B4FE-C86059EBAC49}"
EndProject
Project("{FAE04EC0-301F-11D3-BF4B-00C04F79EFBC}") = "BF.Retail.SmartRetail.Domain", "BF.Retail.SmartRetail.Domain\BF.Retail.SmartRetail.Domain.csproj", "{68BD0B97-2511-49B7-846A-D7BBAB3D1F73}"
EndProject
Project("{FAE04EC0-301F-11D3-BF4B-00C04F79EFBC}") = "BF.Retail.SmartRetail.Persistence", "BF.Retail.SmartRetail.Persistence\BF.Retail.SmartRetail.Persistence.csproj", "{9CE4F67F-1A26-464A-B3B6-70FCC04E3B28}"
EndProject
Global
	GlobalSection(SolutionConfigurationPlatforms) = preSolution
		Debug|Any CPU = Debug|Any CPU
		Release|Any CPU = Release|Any CPU
	EndGlobalSection
	GlobalSection(ProjectConfigurationPlatforms) = postSolution
		{7A3DC43B-8DA5-4EA7-8735-1180B4472D25}.Debug|Any CPU.ActiveCfg = Debug|Any CPU
		{7A3DC43B-8DA5-4EA7-8735-1180B4472D25}.Debug|Any CPU.Build.0 = Debug|Any CPU
		{7A3DC43B-8DA5-4EA7-8735-1180B4472D25}.Release|Any CPU.ActiveCfg = Release|Any CPU
		{7A3DC43B-8DA5-4EA7-8735-1180B4472D25}.Release|Any CPU.Build.0 = Release|Any CPU
		{6BDF74A2-AC1E-4CC8-B4FE-C86059EBAC49}.Debug|Any CPU.ActiveCfg = Debug|Any CPU
		{6BDF74A2-AC1E-4CC8-B4FE-C86059EBAC49}.Debug|Any CPU.Build.0 = Debug|Any CPU
		{6BDF74A2-AC1E-4CC8-B4FE-C86059EBAC49}.Release|Any CPU.ActiveCfg = Release|Any CPU
		{6BDF74A2-AC1E-4CC8-B4FE-C86059EBAC49}.Release|Any CPU.Build.0 = Release|Any CPU
		{68BD0B97-2511-49B7-846A-D7BBAB3D1F73}.Debug|Any CPU.ActiveCfg = Debug|Any CPU
		{68BD0B97-2511-49B7-846A-D7BBAB3D1F73}.Debug|Any CPU.Build.0 = Debug|Any CPU
		{68BD0B97-2511-49B7-846A-D7BBAB3D1F73}.Release|Any CPU.ActiveCfg = Release|Any CPU
		{68BD0B97-2511-49B7-846A-D7BBAB3D1F73}.Release|Any CPU.Build.0 = Release|Any CPU
		{9CE4F67F-1A26-464A-B3B6-70FCC04E3B28}.Debug|Any CPU.ActiveCfg = Debug|Any CPU
		{9CE4F67F-1A26-464A-B3B6-70FCC04E3B28}.Debug|Any CPU.Build.0 = Debug|Any CPU
		{9CE4F67F-1A26-464A-B3B6-70FCC04E3B28}.Release|Any CPU.ActiveCfg = Release|Any CPU
		{9CE4F67F-1A26-464A-B3B6-70FCC04E3B28}.Release|Any CPU.Build.0 = Release|Any CPU
	EndGlobalSection
	GlobalSection(SolutionProperties) = preSolution
		HideSolutionNode = FALSE
	EndGlobalSection
	GlobalSection(ExtensibilityGlobals) = postSolution
		SolutionGuid = {2ED58B53-9FF2-4118-936B-196C315F991D}
	EndGlobalSection
EndGlobal
